// !$*UTF8*$!
{
	archiveVersion = 1;
	classes = {};
	objectVersion = 56;
	objects = {

/* Begin PBXBuildFile section */
		B7DE61B5218B40C8987D9B36 /* AniLibDownApp.swift in Sources */ = {isa = PBXBuildFile; fileRef = FBF729EC53B9D0B52F44D479 /* AniLibDownApp.swift */; };
		051219820FAA4931908C9A56 /* ContentView.swift in Sources */ = {isa = PBXBuildFile; fileRef = E17964C666B4C13156A7F6D8 /* ContentView.swift */; };
		C05909D40811CB52C1282126 /* SharedViews.swift in Sources */ = {isa = PBXBuildFile; fileRef = A8B32BDFB7EFBC805C5CAAEC /* SharedViews.swift */; };
		9ADB2B09516814BCC5B70A14 /* ProfileView.swift in Sources */ = {isa = PBXBuildFile; fileRef = C0BEC7490BB236F88A384D67 /* ProfileView.swift */; };
		1897B79A8AE1A6B2DF8F8630 /* VideoPlayerView.swift in Sources */ = {isa = PBXBuildFile; fileRef = E1F7C1F449B79241ADA89649 /* VideoPlayerView.swift */; };
		1836311D6991F858AD83D6D9 /* LoginView.swift in Sources */ = {isa = PBXBuildFile; fileRef = 68C8F50FEE5B5AEF8C68BCAD /* LoginView.swift */; };
		6837C48C4EBC81ACE1D27874 /* CatalogView.swift in Sources */ = {isa = PBXBuildFile; fileRef = 41FE975ABB431EB6DFFD86A4 /* CatalogView.swift */; };
		E5480594966857B836DE1CEB /* ReleaseDetailView.swift in Sources */ = {isa = PBXBuildFile; fileRef = 4725FFC840C7005115EACA69 /* ReleaseDetailView.swift */; };
		46B491019A1663FA376D296E /* DownloadsView.swift in Sources */ = {isa = PBXBuildFile; fileRef = DE17FB4D4221487B09CE3D80 /* DownloadsView.swift */; };
		BF0767AD660BCD5CBC21F0E2 /* APIClient.swift in Sources */ = {isa = PBXBuildFile; fileRef = 6DBAD16EA540768218B771D2 /* APIClient.swift */; };
		9DA27E1D9F27F4D932ADDD60 /* APIConfig.swift in Sources */ = {isa = PBXBuildFile; fileRef = 5A59F2D0794C5A416B1BCC69 /* APIConfig.swift */; };
		6B0024D3B9B24FF74CFF6502 /* AuthService.swift in Sources */ = {isa = PBXBuildFile; fileRef = C70EE1825ABA8CEA47EFF8BD /* AuthService.swift */; };
		60745364058E1F93B0149487 /* DownloadManager.swift in Sources */ = {isa = PBXBuildFile; fileRef = 527456C4F450654E2EEDE7E1 /* DownloadManager.swift */; };
		CE1A4290B666E503EA0F2BF8 /* KeychainHelper.swift in Sources */ = {isa = PBXBuildFile; fileRef = 5A343AB7601B1B9F52D83422 /* KeychainHelper.swift */; };
		DE4CDF0259EACD07EFBA381E /* OrientationManager.swift in Sources */ = {isa = PBXBuildFile; fileRef = 3D966C57FE230FF8C20B0209 /* OrientationManager.swift */; };
		A1B2C3D4E5F60718293A4B5D /* AppSettings.swift in Sources */ = {isa = PBXBuildFile; fileRef = B2C3D4E5F60718293A4B5D6E /* AppSettings.swift */; };
		C3D4E5F60718293A4B5D6E7F /* CollectionStatusStore.swift in Sources */ = {isa = PBXBuildFile; fileRef = D4E5F60718293A4B5D6E7F80 /* CollectionStatusStore.swift */; };
		0CC3481B9534AD62C2AA379D /* APIModels.swift in Sources */ = {isa = PBXBuildFile; fileRef = 2A5DFCE5A0C71DFFA92CD420 /* APIModels.swift */; };
		E1F60718293A4B5D6E7F801 /* PlayerSettings.swift in Sources */ = {isa = PBXBuildFile; fileRef = F60718293A4B5D6E7F80192 /* PlayerSettings.swift */; };
		E2F60718293A4B5D6E7F8019 /* WatchProgressStore.swift in Sources */ = {isa = PBXBuildFile; fileRef = F60718293A4B5D6E7F80193 /* WatchProgressStore.swift */; };
		E3F60718293A4B5D6E7F801A /* SplashView.swift in Sources */ = {isa = PBXBuildFile; fileRef = F60718293A4B5D6E7F80194 /* SplashView.swift */; };
		F1A2B3C4D5E60718293A4B60 /* ShikimoriConfig.swift in Sources */ = {isa = PBXBuildFile; fileRef = F1A2B3C4D5E60718293A4B61 /* ShikimoriConfig.swift */; };
		F1A2B3C4D5E60718293A4B62 /* ShikimoriModels.swift in Sources */ = {isa = PBXBuildFile; fileRef = F1A2B3C4D5E60718293A4B63 /* ShikimoriModels.swift */; };
		F1A2B3C4D5E60718293A4B64 /* ShikimoriAPIClient.swift in Sources */ = {isa = PBXBuildFile; fileRef = F1A2B3C4D5E60718293A4B65 /* ShikimoriAPIClient.swift */; };
		F1A2B3C4D5E60718293A4B66 /* ShikimoriAuthService.swift in Sources */ = {isa = PBXBuildFile; fileRef = F1A2B3C4D5E60718293A4B67 /* ShikimoriAuthService.swift */; };
		F1A2B3C4D5E60718293A4B68 /* ShikimoriLinkStore.swift in Sources */ = {isa = PBXBuildFile; fileRef = F1A2B3C4D5E60718293A4B69 /* ShikimoriLinkStore.swift */; };
		F1A2B3C4D5E60718293A4B6A /* ShikimoriLinkSearchView.swift in Sources */ = {isa = PBXBuildFile; fileRef = F1A2B3C4D5E60718293A4B6B /* ShikimoriLinkSearchView.swift */; };
		F1A2B3C4D5E60718293A4B6C /* ShikimoriSecrets.plist in Resources */ = {isa = PBXBuildFile; fileRef = F1A2B3C4D5E60718293A4B6D /* ShikimoriSecrets.plist */; };
		7473FB92539D73ABE2977E4C /* Assets.xcassets in Resources */ = {isa = PBXBuildFile; fileRef = D4E50EBC37FA17E4DE51630C /* Assets.xcassets */; };
		A4B5C6D7E8F9012345678A01 /* CatalogStore.swift in Sources */ = {isa = PBXBuildFile; fileRef = A4B5C6D7E8F9012345678A11 /* CatalogStore.swift */; };
		A4B5C6D7E8F9012345678A02 /* AppCacheManager.swift in Sources */ = {isa = PBXBuildFile; fileRef = A4B5C6D7E8F9012345678A12 /* AppCacheManager.swift */; };
		A4B5C6D7E8F9012345678A03 /* CollectionView.swift in Sources */ = {isa = PBXBuildFile; fileRef = A4B5C6D7E8F9012345678A13 /* CollectionView.swift */; };

		T1B001 /* ReleaseFormattingTests.swift in Sources */ = {isa = PBXBuildFile; fileRef = T1F001 /* ReleaseFormattingTests.swift */; };
		T1B002 /* VideoQualityTests.swift in Sources */ = {isa = PBXBuildFile; fileRef = T1F002 /* VideoQualityTests.swift */; };
		T1B003 /* WatchProgressStoreTests.swift in Sources */ = {isa = PBXBuildFile; fileRef = T1F003 /* WatchProgressStoreTests.swift */; };
		T1B004 /* DownloadReleaseGroupTests.swift in Sources */ = {isa = PBXBuildFile; fileRef = T1F004 /* DownloadReleaseGroupTests.swift */; };
/* End PBXBuildFile section */

/* Begin PBXFileReference section */
		C74F9B56F1BE4B4B85A99574 /* AniLibDown.app */ = {isa = PBXFileReference; explicitFileType = wrapper.application; includeInIndex = 0; path = AniLibDown.app; sourceTree = BUILT_PRODUCTS_DIR; };
		FBF729EC53B9D0B52F44D479 /* AniLibDownApp.swift */ = {isa = PBXFileReference; lastKnownFileType = sourcecode.swift; path = "AniLibDownApp.swift"; sourceTree = "<group>"; };
		E17964C666B4C13156A7F6D8 /* ContentView.swift */ = {isa = PBXFileReference; lastKnownFileType = sourcecode.swift; path = "ContentView.swift"; sourceTree = "<group>"; };
		A8B32BDFB7EFBC805C5CAAEC /* SharedViews.swift */ = {isa = PBXFileReference; lastKnownFileType = sourcecode.swift; path = "Views/Components/SharedViews.swift"; sourceTree = "<group>"; };
		C0BEC7490BB236F88A384D67 /* ProfileView.swift */ = {isa = PBXFileReference; lastKnownFileType = sourcecode.swift; path = "Views/Profile/ProfileView.swift"; sourceTree = "<group>"; };
		E1F7C1F449B79241ADA89649 /* VideoPlayerView.swift */ = {isa = PBXFileReference; lastKnownFileType = sourcecode.swift; path = "Views/Player/VideoPlayerView.swift"; sourceTree = "<group>"; };
		68C8F50FEE5B5AEF8C68BCAD /* LoginView.swift */ = {isa = PBXFileReference; lastKnownFileType = sourcecode.swift; path = "Views/Auth/LoginView.swift"; sourceTree = "<group>"; };
		41FE975ABB431EB6DFFD86A4 /* CatalogView.swift */ = {isa = PBXFileReference; lastKnownFileType = sourcecode.swift; path = "Views/Catalog/CatalogView.swift"; sourceTree = "<group>"; };
		4725FFC840C7005115EACA69 /* ReleaseDetailView.swift */ = {isa = PBXFileReference; lastKnownFileType = sourcecode.swift; path = "Views/Detail/ReleaseDetailView.swift"; sourceTree = "<group>"; };
		DE17FB4D4221487B09CE3D80 /* DownloadsView.swift */ = {isa = PBXFileReference; lastKnownFileType = sourcecode.swift; path = "Views/Downloads/DownloadsView.swift"; sourceTree = "<group>"; };
		6DBAD16EA540768218B771D2 /* APIClient.swift */ = {isa = PBXFileReference; lastKnownFileType = sourcecode.swift; path = "Services/APIClient.swift"; sourceTree = "<group>"; };
		5A59F2D0794C5A416B1BCC69 /* APIConfig.swift */ = {isa = PBXFileReference; lastKnownFileType = sourcecode.swift; path = "Services/APIConfig.swift"; sourceTree = "<group>"; };
		C70EE1825ABA8CEA47EFF8BD /* AuthService.swift */ = {isa = PBXFileReference; lastKnownFileType = sourcecode.swift; path = "Services/AuthService.swift"; sourceTree = "<group>"; };
		527456C4F450654E2EEDE7E1 /* DownloadManager.swift */ = {isa = PBXFileReference; lastKnownFileType = sourcecode.swift; path = "Services/DownloadManager.swift"; sourceTree = "<group>"; };
		5A343AB7601B1B9F52D83422 /* KeychainHelper.swift */ = {isa = PBXFileReference; lastKnownFileType = sourcecode.swift; path = "Services/KeychainHelper.swift"; sourceTree = "<group>"; };
		3D966C57FE230FF8C20B0209 /* OrientationManager.swift */ = {isa = PBXFileReference; lastKnownFileType = sourcecode.swift; path = "Services/OrientationManager.swift"; sourceTree = "<group>"; };
		B2C3D4E5F60718293A4B5D6E /* AppSettings.swift */ = {isa = PBXFileReference; lastKnownFileType = sourcecode.swift; path = "Services/AppSettings.swift"; sourceTree = "<group>"; };
		D4E5F60718293A4B5D6E7F80 /* CollectionStatusStore.swift */ = {isa = PBXFileReference; lastKnownFileType = sourcecode.swift; path = "Services/CollectionStatusStore.swift"; sourceTree = "<group>"; };
		2A5DFCE5A0C71DFFA92CD420 /* APIModels.swift */ = {isa = PBXFileReference; lastKnownFileType = sourcecode.swift; path = "Models/APIModels.swift"; sourceTree = "<group>"; };
		F60718293A4B5D6E7F80192 /* PlayerSettings.swift */ = {isa = PBXFileReference; lastKnownFileType = sourcecode.swift; path = "Services/PlayerSettings.swift"; sourceTree = "<group>"; };
		F60718293A4B5D6E7F80193 /* WatchProgressStore.swift */ = {isa = PBXFileReference; lastKnownFileType = sourcecode.swift; path = "Services/WatchProgressStore.swift"; sourceTree = "<group>"; };
		F60718293A4B5D6E7F80194 /* SplashView.swift */ = {isa = PBXFileReference; lastKnownFileType = sourcecode.swift; path = "Views/Splash/SplashView.swift"; sourceTree = "<group>"; };
		F1A2B3C4D5E60718293A4B61 /* ShikimoriConfig.swift */ = {isa = PBXFileReference; lastKnownFileType = sourcecode.swift; path = "Services/ShikimoriConfig.swift"; sourceTree = "<group>"; };
		F1A2B3C4D5E60718293A4B63 /* ShikimoriModels.swift */ = {isa = PBXFileReference; lastKnownFileType = sourcecode.swift; path = "Models/ShikimoriModels.swift"; sourceTree = "<group>"; };
		F1A2B3C4D5E60718293A4B65 /* ShikimoriAPIClient.swift */ = {isa = PBXFileReference; lastKnownFileType = sourcecode.swift; path = "Services/ShikimoriAPIClient.swift"; sourceTree = "<group>"; };
		F1A2B3C4D5E60718293A4B67 /* ShikimoriAuthService.swift */ = {isa = PBXFileReference; lastKnownFileType = sourcecode.swift; path = "Services/ShikimoriAuthService.swift"; sourceTree = "<group>"; };
		F1A2B3C4D5E60718293A4B69 /* ShikimoriLinkStore.swift */ = {isa = PBXFileReference; lastKnownFileType = sourcecode.swift; path = "Services/ShikimoriLinkStore.swift"; sourceTree = "<group>"; };
		F1A2B3C4D5E60718293A4B6B /* ShikimoriLinkSearchView.swift */ = {isa = PBXFileReference; lastKnownFileType = sourcecode.swift; path = "Views/Shikimori/ShikimoriLinkSearchView.swift"; sourceTree = "<group>"; };
		F1A2B3C4D5E60718293A4B6D /* ShikimoriSecrets.plist */ = {isa = PBXFileReference; lastKnownFileType = text.plist.xml; path = ShikimoriSecrets.plist; sourceTree = "<group>"; };
		D4E50EBC37FA17E4DE51630C /* Assets.xcassets */ = {isa = PBXFileReference; lastKnownFileType = folder.assetcatalog; path = Assets.xcassets; sourceTree = "<group>"; };
		A4B5C6D7E8F9012345678A11 /* CatalogStore.swift */ = {isa = PBXFileReference; lastKnownFileType = sourcecode.swift; path = "Services/CatalogStore.swift"; sourceTree = "<group>"; };
		A4B5C6D7E8F9012345678A12 /* AppCacheManager.swift */ = {isa = PBXFileReference; lastKnownFileType = sourcecode.swift; path = "Services/AppCacheManager.swift"; sourceTree = "<group>"; };
		A4B5C6D7E8F9012345678A13 /* CollectionView.swift */ = {isa = PBXFileReference; lastKnownFileType = sourcecode.swift; path = "Views/Collection/CollectionView.swift"; sourceTree = "<group>"; };

		T1P001 /* AniLibDownTests.xctest */ = {isa = PBXFileReference; explicitFileType = wrapper.cfbundle; includeInIndex = 0; path = AniLibDownTests.xctest; sourceTree = BUILT_PRODUCTS_DIR; };
		T1F001 /* ReleaseFormattingTests.swift */ = {isa = PBXFileReference; lastKnownFileType = sourcecode.swift; path = ReleaseFormattingTests.swift; sourceTree = "<group>"; };
		T1F002 /* VideoQualityTests.swift */ = {isa = PBXFileReference; lastKnownFileType = sourcecode.swift; path = VideoQualityTests.swift; sourceTree = "<group>"; };
		T1F003 /* WatchProgressStoreTests.swift */ = {isa = PBXFileReference; lastKnownFileType = sourcecode.swift; path = WatchProgressStoreTests.swift; sourceTree = "<group>"; };
		T1F004 /* DownloadReleaseGroupTests.swift */ = {isa = PBXFileReference; lastKnownFileType = sourcecode.swift; path = DownloadReleaseGroupTests.swift; sourceTree = "<group>"; };
/* End PBXFileReference section */

/* Begin PBXFrameworksBuildPhase section */
		0BD2C3FA890EFC011AA40390 /* Frameworks */ = {
			isa = PBXFrameworksBuildPhase;
			buildActionMask = 2147483647;
			files = (
			);
			runOnlyForDeploymentPostprocessing = 0;
		};

		T1FW01 /* Frameworks */ = {
			isa = PBXFrameworksBuildPhase;
			buildActionMask = 2147483647;
			files = (
			);
			runOnlyForDeploymentPostprocessing = 0;
		};
/* End PBXFrameworksBuildPhase section */

/* Begin PBXGroup section */
		12A1E1A32F4DBA4452C4A6DA /* AniLibDown */ = {
			isa = PBXGroup;
			children = (
				FBF729EC53B9D0B52F44D479 /* AniLibDownApp.swift */,
				E17964C666B4C13156A7F6D8 /* ContentView.swift */,
				A8B32BDFB7EFBC805C5CAAEC /* SharedViews.swift */,
				C0BEC7490BB236F88A384D67 /* ProfileView.swift */,
				E1F7C1F449B79241ADA89649 /* VideoPlayerView.swift */,
				68C8F50FEE5B5AEF8C68BCAD /* LoginView.swift */,
				A4B5C6D7E8F9012345678A13 /* CollectionView.swift */,
				41FE975ABB431EB6DFFD86A4 /* CatalogView.swift */,
				4725FFC840C7005115EACA69 /* ReleaseDetailView.swift */,
				DE17FB4D4221487B09CE3D80 /* DownloadsView.swift */,
				6DBAD16EA540768218B771D2 /* APIClient.swift */,
				5A59F2D0794C5A416B1BCC69 /* APIConfig.swift */,
				C70EE1825ABA8CEA47EFF8BD /* AuthService.swift */,
				527456C4F450654E2EEDE7E1 /* DownloadManager.swift */,
				5A343AB7601B1B9F52D83422 /* KeychainHelper.swift */,
				3D966C57FE230FF8C20B0209 /* OrientationManager.swift */,
				B2C3D4E5F60718293A4B5D6E /* AppSettings.swift */,
				D4E5F60718293A4B5D6E7F80 /* CollectionStatusStore.swift */,
				F60718293A4B5D6E7F80192 /* PlayerSettings.swift */,
				F60718293A4B5D6E7F80193 /* WatchProgressStore.swift */,
				A4B5C6D7E8F9012345678A11 /* CatalogStore.swift */,
				A4B5C6D7E8F9012345678A12 /* AppCacheManager.swift */,
				F60718293A4B5D6E7F80194 /* SplashView.swift */,
				F1A2B3C4D5E60718293A4B6B /* ShikimoriLinkSearchView.swift */,
				F1A2B3C4D5E60718293A4B61 /* ShikimoriConfig.swift */,
				F1A2B3C4D5E60718293A4B63 /* ShikimoriModels.swift */,
				F1A2B3C4D5E60718293A4B65 /* ShikimoriAPIClient.swift */,
				F1A2B3C4D5E60718293A4B67 /* ShikimoriAuthService.swift */,
				F1A2B3C4D5E60718293A4B69 /* ShikimoriLinkStore.swift */,
				F1A2B3C4D5E60718293A4B6D /* ShikimoriSecrets.plist */,
				2A5DFCE5A0C71DFFA92CD420 /* APIModels.swift */,
				D4E50EBC37FA17E4DE51630C /* Assets.xcassets */,
			);
			path = AniLibDown;
			sourceTree = "<group>";
		};
		58C354143DC8782A1C1590EB /* Products */ = {
			isa = PBXGroup;
			children = (
				C74F9B56F1BE4B4B85A99574 /* AniLibDown.app */,
				T1P001 /* AniLibDownTests.xctest */,
			);
			name = Products;
			sourceTree = "<group>";
		};
		T1G001 /* AniLibDownTests */ = {
			isa = PBXGroup;
			children = (
				T1F001 /* ReleaseFormattingTests.swift */,
				T1F002 /* VideoQualityTests.swift */,
				T1F003 /* WatchProgressStoreTests.swift */,
				T1F004 /* DownloadReleaseGroupTests.swift */,
			);
			path = AniLibDownTests;
			sourceTree = "<group>";
		};
		04B81222C328A0302780C1C6 /* */ = {
			isa = PBXGroup;
			children = (
				12A1E1A32F4DBA4452C4A6DA /* AniLibDown */,
				T1G001 /* AniLibDownTests */,
				58C354143DC8782A1C1590EB /* Products */,
			);
			sourceTree = "<group>";
		};
/* End PBXGroup section */

/* Begin PBXNativeTarget section */
		2AF46B5ACD9689FDF564AF37 /* AniLibDown */ = {
			isa = PBXNativeTarget;
			buildConfigurationList = B314FE79C9186833492C7F1C /* Build configuration list for PBXNativeTarget "AniLibDown" */;
			buildPhases = (
				C9B2A7AA60056F27A743FC69 /* Sources */,
				0BD2C3FA890EFC011AA40390 /* Frameworks */,
				BAA4719974EEE1A88A793EDA /* Resources */,
			);
			buildRules = ();
			dependencies = ();
			name = AniLibDown;
			productName = AniLibDown;
			productReference = C74F9B56F1BE4B4B85A99574 /* AniLibDown.app */;
			productType = "com.apple.product-type.application";
		};

		T1T001 /* AniLibDownTests */ = {
			isa = PBXNativeTarget;
			buildConfigurationList = T1C001 /* Build configuration list for PBXNativeTarget "AniLibDownTests" */;
			buildPhases = (
				T1S001 /* Sources */,
				T1FW01 /* Frameworks */,
				T1R001 /* Resources */,
			);
			buildRules = (
			);
			dependencies = (
				T1D001 /* PBXTargetDependency */,
			);
			name = AniLibDownTests;
			productName = AniLibDownTests;
			productReference = T1P001 /* AniLibDownTests.xctest */;
			productType = "com.apple.product-type.bundle.unit-test";
		};
/* End PBXNativeTarget section */


/* Begin PBXContainerItemProxy section */
		T1X001 /* PBXContainerItemProxy */ = {
			isa = PBXContainerItemProxy;
			containerPortal = 1CE0842C2259CD0A5D4D7781 /* Project object */;
			proxyType = 1;
			remoteGlobalIDString = 2AF46B5ACD9689FDF564AF37;
			remoteInfo = AniLibDown;
		};
/* End PBXContainerItemProxy section */

/* Begin PBXTargetDependency section */
		T1D001 /* PBXTargetDependency */ = {
			isa = PBXTargetDependency;
			target = 2AF46B5ACD9689FDF564AF37 /* AniLibDown */;
			targetProxy = T1X001 /* PBXContainerItemProxy */;
		};
/* End PBXTargetDependency section */

/* Begin PBXProject section */
		1CE0842C2259CD0A5D4D7781 /* Project object */ = {
			isa = PBXProject;
			attributes = {
				BuildIndependentTargetsInParallel = 1;
				LastSwiftUpdateCheck = 1600;
				LastUpgradeCheck = 1600;
				TargetAttributes = {
					2AF46B5ACD9689FDF564AF37 = {
						CreatedOnToolsVersion = 16.0;
					};
					T1T001 = {
						CreatedOnToolsVersion = 16.0;
						TestTargetID = 2AF46B5ACD9689FDF564AF37;
					};
				};
			};
			buildConfigurationList = C5BBCA14D56F873D934A25AB /* Build configuration list for PBXProject "AniLibDown" */;
			compatibilityVersion = "Xcode 14.0";
			developmentRegion = ru;
			hasScannedForEncodings = 0;
			knownRegions = (
				ru,
				Base,
			);
			mainGroup = 04B81222C328A0302780C1C6 /* */;
			productRefGroup = 58C354143DC8782A1C1590EB /* Products */;
			projectDirPath = "";
			projectRoot = "";
			targets = (
				2AF46B5ACD9689FDF564AF37 /* AniLibDown */,
				T1T001 /* AniLibDownTests */,
			);
		};
/* End PBXProject section */

/* Begin PBXResourcesBuildPhase section */
		BAA4719974EEE1A88A793EDA /* Resources */ = {
			isa = PBXResourcesBuildPhase;
			buildActionMask = 2147483647;
			files = (
				7473FB92539D73ABE2977E4C /* Assets.xcassets in Resources */,
				F1A2B3C4D5E60718293A4B6C /* ShikimoriSecrets.plist in Resources */,
			);
			runOnlyForDeploymentPostprocessing = 0;
		};

		T1R001 /* Resources */ = {
			isa = PBXResourcesBuildPhase;
			buildActionMask = 2147483647;
			files = (
			);
			runOnlyForDeploymentPostprocessing = 0;
		};
/* End PBXResourcesBuildPhase section */

/* Begin PBXSourcesBuildPhase section */
		C9B2A7AA60056F27A743FC69 /* Sources */ = {
			isa = PBXSourcesBuildPhase;
			buildActionMask = 2147483647;
			files = (
				B7DE61B5218B40C8987D9B36 /* AniLibDownApp.swift in Sources */,
				051219820FAA4931908C9A56 /* ContentView.swift in Sources */,
				C05909D40811CB52C1282126 /* SharedViews.swift in Sources */,
				9ADB2B09516814BCC5B70A14 /* ProfileView.swift in Sources */,
				1897B79A8AE1A6B2DF8F8630 /* VideoPlayerView.swift in Sources */,
				1836311D6991F858AD83D6D9 /* LoginView.swift in Sources */,
				A4B5C6D7E8F9012345678A03 /* CollectionView.swift in Sources */,
				6837C48C4EBC81ACE1D27874 /* CatalogView.swift in Sources */,
				E5480594966857B836DE1CEB /* ReleaseDetailView.swift in Sources */,
				46B491019A1663FA376D296E /* DownloadsView.swift in Sources */,
				BF0767AD660BCD5CBC21F0E2 /* APIClient.swift in Sources */,
				9DA27E1D9F27F4D932ADDD60 /* APIConfig.swift in Sources */,
				6B0024D3B9B24FF74CFF6502 /* AuthService.swift in Sources */,
				60745364058E1F93B0149487 /* DownloadManager.swift in Sources */,
				CE1A4290B666E503EA0F2BF8 /* KeychainHelper.swift in Sources */,
				DE4CDF0259EACD07EFBA381E /* OrientationManager.swift in Sources */,
				A1B2C3D4E5F60718293A4B5D /* AppSettings.swift in Sources */,
				C3D4E5F60718293A4B5D6E7F /* CollectionStatusStore.swift in Sources */,
				E1F60718293A4B5D6E7F801 /* PlayerSettings.swift in Sources */,
				E2F60718293A4B5D6E7F8019 /* WatchProgressStore.swift in Sources */,
				A4B5C6D7E8F9012345678A01 /* CatalogStore.swift in Sources */,
				A4B5C6D7E8F9012345678A02 /* AppCacheManager.swift in Sources */,
				E3F60718293A4B5D6E7F801A /* SplashView.swift in Sources */,
				F1A2B3C4D5E60718293A4B60 /* ShikimoriConfig.swift in Sources */,
				F1A2B3C4D5E60718293A4B62 /* ShikimoriModels.swift in Sources */,
				F1A2B3C4D5E60718293A4B64 /* ShikimoriAPIClient.swift in Sources */,
				F1A2B3C4D5E60718293A4B66 /* ShikimoriAuthService.swift in Sources */,
				F1A2B3C4D5E60718293A4B68 /* ShikimoriLinkStore.swift in Sources */,
				F1A2B3C4D5E60718293A4B6A /* ShikimoriLinkSearchView.swift in Sources */,
				0CC3481B9534AD62C2AA379D /* APIModels.swift in Sources */,
			);
			runOnlyForDeploymentPostprocessing = 0;
		};

		T1S001 /* Sources */ = {
			isa = PBXSourcesBuildPhase;
			buildActionMask = 2147483647;
			files = (
				T1B001 /* ReleaseFormattingTests.swift in Sources */,
				T1B002 /* VideoQualityTests.swift in Sources */,
				T1B003 /* WatchProgressStoreTests.swift in Sources */,
				T1B004 /* DownloadReleaseGroupTests.swift in Sources */,
			);
			runOnlyForDeploymentPostprocessing = 0;
		};
/* End PBXSourcesBuildPhase section */

/* Begin XCBuildConfiguration section */
		BED1EDAE21B5ADA7E7065F2C /* Debug */ = {
			isa = XCBuildConfiguration;
			buildSettings = {
				ALWAYS_SEARCH_USER_PATHS = NO;
				CLANG_ENABLE_MODULES = YES;
				COPY_PHASE_STRIP = NO;
				DEBUG_INFORMATION_FORMAT = dwarf;
				ENABLE_TESTABILITY = YES;
				GCC_DYNAMIC_NO_PIC = NO;
				GCC_OPTIMIZATION_LEVEL = 0;
				IPHONEOS_DEPLOYMENT_TARGET = 17.0;
				ONLY_ACTIVE_ARCH = YES;
				SDKROOT = iphoneos;
				SWIFT_ACTIVE_COMPILATION_CONDITIONS = DEBUG;
				SWIFT_OPTIMIZATION_LEVEL = "-Onone";
			};
			name = Debug;
		};
		225FE86E7879560712C95D40 /* Release */ = {
			isa = XCBuildConfiguration;
			buildSettings = {
				ALWAYS_SEARCH_USER_PATHS = NO;
				CLANG_ENABLE_MODULES = YES;
				COPY_PHASE_STRIP = NO;
				DEBUG_INFORMATION_FORMAT = "dwarf-with-dsym";
				IPHONEOS_DEPLOYMENT_TARGET = 17.0;
				SDKROOT = iphoneos;
				SWIFT_COMPILATION_MODE = wholemodule;
				VALIDATE_PRODUCT = YES;
			};
			name = Release;
		};
		AE3E174D6CC94368D9402D18 /* Debug */ = {
			isa = XCBuildConfiguration;
			buildSettings = {
				ASSETCATALOG_COMPILER_APPICON_NAME = AppIcon;
				ENABLE_TESTABILITY = YES;
				ASSETCATALOG_COMPILER_GLOBAL_ACCENT_COLOR_NAME = AccentColor;
				CODE_SIGN_STYLE = Automatic;
				CURRENT_PROJECT_VERSION = 1;
				DEVELOPMENT_TEAM = "";
				ENABLE_PREVIEWS = YES;
				GENERATE_INFOPLIST_FILE = YES;
				INFOPLIST_FILE = AniLibDown/Info.plist;
				INFOPLIST_KEY_CFBundleDisplayName = AniLibDown;
				INFOPLIST_KEY_UIApplicationSceneManifest_Generation = YES;
				INFOPLIST_KEY_UILaunchScreen_Generation = YES;
				INFOPLIST_KEY_UISupportedInterfaceOrientations_iPad = "UIInterfaceOrientationPortrait UIInterfaceOrientationPortraitUpsideDown UIInterfaceOrientationLandscapeLeft UIInterfaceOrientationLandscapeRight";
				INFOPLIST_KEY_UISupportedInterfaceOrientations_iPhone = "UIInterfaceOrientationPortrait UIInterfaceOrientationLandscapeLeft UIInterfaceOrientationLandscapeRight";
				LD_RUNPATH_SEARCH_PATHS = (
					"$(inherited)",
					"@executable_path/Frameworks",
				);
				MARKETING_VERSION = 1.0.2;
				PRODUCT_BUNDLE_IDENTIFIER = top.aniliberty.AniLibDown;
				PRODUCT_NAME = "$(TARGET_NAME)";
				SWIFT_EMIT_LOC_STRINGS = YES;
				SWIFT_VERSION = 5.0;
				TARGETED_DEVICE_FAMILY = "1,2";
			};
			name = Debug;
		};
		0145BCC33B991D649E85629D /* Release */ = {
			isa = XCBuildConfiguration;
			buildSettings = {
				ASSETCATALOG_COMPILER_APPICON_NAME = AppIcon;
				ASSETCATALOG_COMPILER_GLOBAL_ACCENT_COLOR_NAME = AccentColor;
				CODE_SIGN_STYLE = Automatic;
				CURRENT_PROJECT_VERSION = 1;
				DEVELOPMENT_TEAM = "";
				ENABLE_PREVIEWS = YES;
				GENERATE_INFOPLIST_FILE = YES;
				INFOPLIST_FILE = AniLibDown/Info.plist;
				INFOPLIST_KEY_CFBundleDisplayName = AniLibDown;
				INFOPLIST_KEY_UIApplicationSceneManifest_Generation = YES;
				INFOPLIST_KEY_UILaunchScreen_Generation = YES;
				INFOPLIST_KEY_UISupportedInterfaceOrientations_iPad = "UIInterfaceOrientationPortrait UIInterfaceOrientationPortraitUpsideDown UIInterfaceOrientationLandscapeLeft UIInterfaceOrientationLandscapeRight";
				INFOPLIST_KEY_UISupportedInterfaceOrientations_iPhone = "UIInterfaceOrientationPortrait UIInterfaceOrientationLandscapeLeft UIInterfaceOrientationLandscapeRight";
				LD_RUNPATH_SEARCH_PATHS = (
					"$(inherited)",
					"@executable_path/Frameworks",
				);
				MARKETING_VERSION = 1.0.2;
				PRODUCT_BUNDLE_IDENTIFIER = top.aniliberty.AniLibDown;
				PRODUCT_NAME = "$(TARGET_NAME)";
				SWIFT_EMIT_LOC_STRINGS = YES;
				SWIFT_VERSION = 5.0;
				TARGETED_DEVICE_FAMILY = "1,2";
			};
			name = Release;
		};

		T1CFG1 /* Debug */ = {
			isa = XCBuildConfiguration;
			buildSettings = {
				BUNDLE_LOADER = "$(TEST_HOST)";
				CODE_SIGN_STYLE = Automatic;
				CURRENT_PROJECT_VERSION = 1;
				DEVELOPMENT_TEAM = "";
				GENERATE_INFOPLIST_FILE = YES;
				IPHONEOS_DEPLOYMENT_TARGET = 17.0;
				MARKETING_VERSION = 1.0.2;
				PRODUCT_BUNDLE_IDENTIFIER = top.aniliberty.AniLibDownTests;
				PRODUCT_NAME = "$(TARGET_NAME)";
				SWIFT_EMIT_LOC_STRINGS = NO;
				SWIFT_VERSION = 5.0;
				TARGETED_DEVICE_FAMILY = "1,2";
				TEST_HOST = "$(BUILT_PRODUCTS_DIR)/AniLibDown.app/$(BUNDLE_EXECUTABLE_FOLDER_PATH)/AniLibDown";
			};
			name = Debug;
		};
		T1CFG2 /* Release */ = {
			isa = XCBuildConfiguration;
			buildSettings = {
				BUNDLE_LOADER = "$(TEST_HOST)";
				CODE_SIGN_STYLE = Automatic;
				CURRENT_PROJECT_VERSION = 1;
				DEVELOPMENT_TEAM = "";
				GENERATE_INFOPLIST_FILE = YES;
				IPHONEOS_DEPLOYMENT_TARGET = 17.0;
				MARKETING_VERSION = 1.0.2;
				PRODUCT_BUNDLE_IDENTIFIER = top.aniliberty.AniLibDownTests;
				PRODUCT_NAME = "$(TARGET_NAME)";
				SWIFT_EMIT_LOC_STRINGS = NO;
				SWIFT_VERSION = 5.0;
				TARGETED_DEVICE_FAMILY = "1,2";
				TEST_HOST = "$(BUILT_PRODUCTS_DIR)/AniLibDown.app/$(BUNDLE_EXECUTABLE_FOLDER_PATH)/AniLibDown";
			};
			name = Release;
		};
/* End XCBuildConfiguration section */

/* Begin XCConfigurationList section */
		C5BBCA14D56F873D934A25AB /* Build configuration list for PBXProject "AniLibDown" */ = {
			isa = XCConfigurationList;
			buildConfigurations = (
				BED1EDAE21B5ADA7E7065F2C /* Debug */,
				225FE86E7879560712C95D40 /* Release */,
			);
			defaultConfigurationIsVisible = 0;
			defaultConfigurationName = Release;
		};
		B314FE79C9186833492C7F1C /* Build configuration list for PBXNativeTarget "AniLibDown" */ = {
			isa = XCConfigurationList;
			buildConfigurations = (
				AE3E174D6CC94368D9402D18 /* Debug */,
				0145BCC33B991D649E85629D /* Release */,
			);
			defaultConfigurationIsVisible = 0;
			defaultConfigurationName = Release;
		};

		T1C001 /* Build configuration list for PBXNativeTarget "AniLibDownTests" */ = {
			isa = XCConfigurationList;
			buildConfigurations = (
				T1CFG1 /* Debug */,
				T1CFG2 /* Release */,
			);
			defaultConfigurationIsVisible = 0;
			defaultConfigurationName = Release;
		};
/* End XCConfigurationList section */
	};
	rootObject = 1CE0842C2259CD0A5D4D7781 /* Project object */;
}
